{
  "name": "rest-rant",
  "version": "1.0.0",
  "lockfileVersion": 1,
  "requires": true,
  "dependencies": {
    "Express": {
      "version": "3.0.1",
      "resolved": "https://registry.npmjs.org/Express/-/Express-3.0.1.tgz",
      "integrity": "sha512-T8VnUAU1Kjm6wRidtZVjpCYGuSY9IXEYatng3QQ2Q7QQfDoo+tNeJFucDaZ79V4babYWarc4VkKsipC9x2EFlQ=="
    }
  }
}
